
Microsoft Visual Studio Solution File, Format Version 12.00
# Visual Studio Version 17
VisualStudioVersion = 17.14.36705.20 d17.14
MinimumVisualStudioVersion = 10.0.40219.1
Project("{FAE04EC0-301F-11D3-BF4B-00C04F79EFBC}") = "Tarea 4 (Programacion 1)", "Tarea 4 (Programacion 1)\Tarea 4 (Programacion 1).csproj", "{90E5EA7C-252D-4B3A-AA7E-68CF68A33F0A}"
EndProject
Global
	GlobalSection(SolutionConfigurationPlatforms) = preSolution
		Debug|Any CPU = Debug|Any CPU
		Release|Any CPU = Release|Any CPU
	EndGlobalSection
	GlobalSection(ProjectConfigurationPlatforms) = postSolution
		{90E5EA7C-252D-4B3A-AA7E-68CF68A33F0A}.Debug|Any CPU.ActiveCfg = Debug|Any CPU
		{90E5EA7C-252D-4B3A-AA7E-68CF68A33F0A}.Debug|Any CPU.Build.0 = Debug|Any CPU
		{90E5EA7C-252D-4B3A-AA7E-68CF68A33F0A}.Release|Any CPU.ActiveCfg = Release|Any CPU
		{90E5EA7C-252D-4B3A-AA7E-68CF68A33F0A}.Release|Any CPU.Build.0 = Release|Any CPU
	EndGlobalSection
	GlobalSection(SolutionProperties) = preSolution
		HideSolutionNode = FALSE
	EndGlobalSection
	GlobalSection(ExtensibilityGlobals) = postSolution
		SolutionGuid = {6E4AF433-A2D6-4722-A68E-7245314B80AD}
	EndGlobalSection
EndGlobal
